
Microsoft Visual Studio Solution File, Format Version 12.00
# Visual Studio Version 17
VisualStudioVersion = 17.4.33213.308
MinimumVisualStudioVersion = 10.0.40219.1
Project("{FAE04EC0-301F-11D3-BF4B-00C04F79EFBC}") = "FarAway2.0", "FarAway2.0\FarAway2.0.csproj", "{37BA65EE-2C91-476A-9CE9-F64607AD4B9E}"
EndProject
Global
	GlobalSection(SolutionConfigurationPlatforms) = preSolution
		Debug|Any CPU = Debug|Any CPU
		Release|Any CPU = Release|Any CPU
	EndGlobalSection
	GlobalSection(ProjectConfigurationPlatforms) = postSolution
		{37BA65EE-2C91-476A-9CE9-F64607AD4B9E}.Debug|Any CPU.ActiveCfg = Debug|Any CPU
		{37BA65EE-2C91-476A-9CE9-F64607AD4B9E}.Debug|Any CPU.Build.0 = Debug|Any CPU
		{37BA65EE-2C91-476A-9CE9-F64607AD4B9E}.Release|Any CPU.ActiveCfg = Release|Any CPU
		{37BA65EE-2C91-476A-9CE9-F64607AD4B9E}.Release|Any CPU.Build.0 = Release|Any CPU
	EndGlobalSection
	GlobalSection(SolutionProperties) = preSolution
		HideSolutionNode = FALSE
	EndGlobalSection
	GlobalSection(ExtensibilityGlobals) = postSolution
		SolutionGuid = {8E2200F6-8092-45B1-85E1-5E3BB10F0F18}
	EndGlobalSection
EndGlobal
